
Microsoft Visual Studio Solution File, Format Version 12.00
# Visual Studio Version 16
VisualStudioVersion = 16.0.31702.278
MinimumVisualStudioVersion = 10.0.40219.1
Project("{FAE04EC0-301F-11D3-BF4B-00C04F79EFBC}") = "EventManagementSystem", "EventManagementSystem\EventManagementSystem.csproj", "{7346204D-3BF9-4F9C-A7D4-0DB6B0164C0D}"
EndProject
Project("{FAE04EC0-301F-11D3-BF4B-00C04F79EFBC}") = "EventBusiness", "EventBusiness\EventBusiness.csproj", "{9DCC9F45-EB06-4DD5-BCD1-CD8639873804}"
EndProject
Project("{FAE04EC0-301F-11D3-BF4B-00C04F79EFBC}") = "EventManagementDataLayer", "EventManagementDataLayer\EventManagementDataLayer.csproj", "{EA1474F7-E0DC-4C0E-86A3-5F9CD38818D9}"
EndProject
Global
	GlobalSection(SolutionConfigurationPlatforms) = preSolution
		Debug|Any CPU = Debug|Any CPU
		Release|Any CPU = Release|Any CPU
	EndGlobalSection
	GlobalSection(ProjectConfigurationPlatforms) = postSolution
		{7346204D-3BF9-4F9C-A7D4-0DB6B0164C0D}.Debug|Any CPU.ActiveCfg = Debug|Any CPU
		{7346204D-3BF9-4F9C-A7D4-0DB6B0164C0D}.Debug|Any CPU.Build.0 = Debug|Any CPU
		{7346204D-3BF9-4F9C-A7D4-0DB6B0164C0D}.Release|Any CPU.ActiveCfg = Release|Any CPU
		{7346204D-3BF9-4F9C-A7D4-0DB6B0164C0D}.Release|Any CPU.Build.0 = Release|Any CPU
		{9DCC9F45-EB06-4DD5-BCD1-CD8639873804}.Debug|Any CPU.ActiveCfg = Debug|Any CPU
		{9DCC9F45-EB06-4DD5-BCD1-CD8639873804}.Debug|Any CPU.Build.0 = Debug|Any CPU
		{9DCC9F45-EB06-4DD5-BCD1-CD8639873804}.Release|Any CPU.ActiveCfg = Release|Any CPU
		{9DCC9F45-EB06-4DD5-BCD1-CD8639873804}.Release|Any CPU.Build.0 = Release|Any CPU
		{EA1474F7-E0DC-4C0E-86A3-5F9CD38818D9}.Debug|Any CPU.ActiveCfg = Debug|Any CPU
		{EA1474F7-E0DC-4C0E-86A3-5F9CD38818D9}.Debug|Any CPU.Build.0 = Debug|Any CPU
		{EA1474F7-E0DC-4C0E-86A3-5F9CD38818D9}.Release|Any CPU.ActiveCfg = Release|Any CPU
		{EA1474F7-E0DC-4C0E-86A3-5F9CD38818D9}.Release|Any CPU.Build.0 = Release|Any CPU
	EndGlobalSection
	GlobalSection(SolutionProperties) = preSolution
		HideSolutionNode = FALSE
	EndGlobalSection
	GlobalSection(ExtensibilityGlobals) = postSolution
		SolutionGuid = {616ABE52-F882-4A1E-A6E2-C5D4040EB4F0}
	EndGlobalSection
EndGlobal
